
Microsoft Visual Studio Solution File, Format Version 12.00
# Visual Studio 14
VisualStudioVersion = 14.0.25420.1
MinimumVisualStudioVersion = 10.0.40219.1
Project("{FAE04EC0-301F-11D3-BF4B-00C04F79EFBC}") = "app.Android", "app\app.Android\app.Android.csproj", "{ED198516-9CCD-42D5-A7DE-0CB659EC3328}"
EndProject
Project("{FAE04EC0-301F-11D3-BF4B-00C04F79EFBC}") = "app", "app\app\app.csproj", "{2B5C5631-05AA-4ADF-9516-6CB8178F101C}"
EndProject
Project("{FAE04EC0-301F-11D3-BF4B-00C04F79EFBC}") = "app.iOS", "app\app.iOS\app.iOS.csproj", "{4BE08599-0A9F-42E5-BC4C-B2228C711001}"
EndProject
Project("{FAE04EC0-301F-11D3-BF4B-00C04F79EFBC}") = "UITest1", "UITest1\UITest1.csproj", "{E8F1EC1C-63F0-4EA6-BCC3-21385350DF4F}"
EndProject
Global
	GlobalSection(SolutionConfigurationPlatforms) = preSolution
		Ad-Hoc|Any CPU = Ad-Hoc|Any CPU
		Ad-Hoc|iPhone = Ad-Hoc|iPhone
		Ad-Hoc|iPhoneSimulator = Ad-Hoc|iPhoneSimulator
		AppStore|Any CPU = AppStore|Any CPU
		AppStore|iPhone = AppStore|iPhone
		AppStore|iPhoneSimulator = AppStore|iPhoneSimulator
		Debug|Any CPU = Debug|Any CPU
		Debug|iPhone = Debug|iPhone
		Debug|iPhoneSimulator = Debug|iPhoneSimulator
		Release|Any CPU = Release|Any CPU
		Release|iPhone = Release|iPhone
		Release|iPhoneSimulator = Release|iPhoneSimulator
	EndGlobalSection
	GlobalSection(ProjectConfigurationPlatforms) = postSolution
		{ED198516-9CCD-42D5-A7DE-0CB659EC3328}.Ad-Hoc|Any CPU.ActiveCfg = Release|Any CPU
		{ED198516-9CCD-42D5-A7DE-0CB659EC3328}.Ad-Hoc|Any CPU.Build.0 = Release|Any CPU
		{ED198516-9CCD-42D5-A7DE-0CB659EC3328}.Ad-Hoc|Any CPU.Deploy.0 = Release|Any CPU
		{ED198516-9CCD-42D5-A7DE-0CB659EC3328}.Ad-Hoc|iPhone.ActiveCfg = Release|Any CPU
		{ED198516-9CCD-42D5-A7DE-0CB659EC3328}.Ad-Hoc|iPhone.Build.0 = Release|Any CPU
		{ED198516-9CCD-42D5-A7DE-0CB659EC3328}.Ad-Hoc|iPhone.Deploy.0 = Release|Any CPU
		{ED198516-9CCD-42D5-A7DE-0CB659EC3328}.Ad-Hoc|iPhoneSimulator.ActiveCfg = Release|Any CPU
		{ED198516-9CCD-42D5-A7DE-0CB659EC3328}.Ad-Hoc|iPhoneSimulator.Build.0 = Release|Any CPU
		{ED198516-9CCD-42D5-A7DE-0CB659EC3328}.Ad-Hoc|iPhoneSimulator.Deploy.0 = Release|Any CPU
		{ED198516-9CCD-42D5-A7DE-0CB659EC3328}.AppStore|Any CPU.ActiveCfg = Release|Any CPU
		{ED198516-9CCD-42D5-A7DE-0CB659EC3328}.AppStore|Any CPU.Build.0 = Release|Any CPU
		{ED198516-9CCD-42D5-A7DE-0CB659EC3328}.AppStore|Any CPU.Deploy.0 = Release|Any CPU
		{ED198516-9CCD-42D5-A7DE-0CB659EC3328}.AppStore|iPhone.ActiveCfg = Release|Any CPU
		{ED198516-9CCD-42D5-A7DE-0CB659EC3328}.AppStore|iPhone.Build.0 = Release|Any CPU
		{ED198516-9CCD-42D5-A7DE-0CB659EC3328}.AppStore|iPhone.Deploy.0 = Release|Any CPU
		{ED198516-9CCD-42D5-A7DE-0CB659EC3328}.AppStore|iPhoneSimulator.ActiveCfg = Release|Any CPU
		{ED198516-9CCD-42D5-A7DE-0CB659EC3328}.AppStore|iPhoneSimulator.Build.0 = Release|Any CPU
		{ED198516-9CCD-42D5-A7DE-0CB659EC3328}.AppStore|iPhoneSimulator.Deploy.0 = Release|Any CPU
		{ED198516-9CCD-42D5-A7DE-0CB659EC3328}.Debug|Any CPU.ActiveCfg = Debug|Any CPU
		{ED198516-9CCD-42D5-A7DE-0CB659EC3328}.Debug|Any CPU.Build.0 = Debug|Any CPU
		{ED198516-9CCD-42D5-A7DE-0CB659EC3328}.Debug|Any CPU.Deploy.0 = Debug|Any CPU
		{ED198516-9CCD-42D5-A7DE-0CB659EC3328}.Debug|iPhone.ActiveCfg = Debug|Any CPU
		{ED198516-9CCD-42D5-A7DE-0CB659EC3328}.Debug|iPhone.Build.0 = Debug|Any CPU
		{ED198516-9CCD-42D5-A7DE-0CB659EC3328}.Debug|iPhone.Deploy.0 = Debug|Any CPU
		{ED198516-9CCD-42D5-A7DE-0CB659EC3328}.Debug|iPhoneSimulator.ActiveCfg = Debug|Any CPU
		{ED198516-9CCD-42D5-A7DE-0CB659EC3328}.Debug|iPhoneSimulator.Build.0 = Debug|Any CPU
		{ED198516-9CCD-42D5-A7DE-0CB659EC3328}.Debug|iPhoneSimulator.Deploy.0 = Debug|Any CPU
		{ED198516-9CCD-42D5-A7DE-0CB659EC3328}.Release|Any CPU.ActiveCfg = Release|Any CPU
		{ED198516-9CCD-42D5-A7DE-0CB659EC3328}.Release|Any CPU.Build.0 = Release|Any CPU
		{ED198516-9CCD-42D5-A7DE-0CB659EC3328}.Release|Any CPU.Deploy.0 = Release|Any CPU
		{ED198516-9CCD-42D5-A7DE-0CB659EC3328}.Release|iPhone.ActiveCfg = Release|Any CPU
		{ED198516-9CCD-42D5-A7DE-0CB659EC3328}.Release|iPhone.Build.0 = Release|Any CPU
		{ED198516-9CCD-42D5-A7DE-0CB659EC3328}.Release|iPhone.Deploy.0 = Release|Any CPU
		{ED198516-9CCD-42D5-A7DE-0CB659EC3328}.Release|iPhoneSimulator.ActiveCfg = Release|Any CPU
		{ED198516-9CCD-42D5-A7DE-0CB659EC3328}.Release|iPhoneSimulator.Build.0 = Release|Any CPU
		{ED198516-9CCD-42D5-A7DE-0CB659EC3328}.Release|iPhoneSimulator.Deploy.0 = Release|Any CPU
		{2B5C5631-05AA-4ADF-9516-6CB8178F101C}.Ad-Hoc|Any CPU.ActiveCfg = Release|Any CPU
		{2B5C5631-05AA-4ADF-9516-6CB8178F101C}.Ad-Hoc|Any CPU.Build.0 = Release|Any CPU
		{2B5C5631-05AA-4ADF-9516-6CB8178F101C}.Ad-Hoc|iPhone.ActiveCfg = Release|Any CPU
		{2B5C5631-05AA-4ADF-9516-6CB8178F101C}.Ad-Hoc|iPhone.Build.0 = Release|Any CPU
		{2B5C5631-05AA-4ADF-9516-6CB8178F101C}.Ad-Hoc|iPhoneSimulator.ActiveCfg = Release|Any CPU
		{2B5C5631-05AA-4ADF-9516-6CB8178F101C}.Ad-Hoc|iPhoneSimulator.Build.0 = Release|Any CPU
		{2B5C5631-05AA-4ADF-9516-6CB8178F101C}.AppStore|Any CPU.ActiveCfg = Release|Any CPU
		{2B5C5631-05AA-4ADF-9516-6CB8178F101C}.AppStore|Any CPU.Build.0 = Release|Any CPU
		{2B5C5631-05AA-4ADF-9516-6CB8178F101C}.AppStore|iPhone.ActiveCfg = Release|Any CPU
		{2B5C5631-05AA-4ADF-9516-6CB8178F101C}.AppStore|iPhone.Build.0 = Release|Any CPU
		{2B5C5631-05AA-4ADF-9516-6CB8178F101C}.AppStore|iPhoneSimulator.ActiveCfg = Release|Any CPU
		{2B5C5631-05AA-4ADF-9516-6CB8178F101C}.AppStore|iPhoneSimulator.Build.0 = Release|Any CPU
		{2B5C5631-05AA-4ADF-9516-6CB8178F101C}.Debug|Any CPU.ActiveCfg = Debug|Any CPU
		{2B5C5631-05AA-4ADF-9516-6CB8178F101C}.Debug|Any CPU.Build.0 = Debug|Any CPU
		{2B5C5631-05AA-4ADF-9516-6CB8178F101C}.Debug|iPhone.ActiveCfg = Debug|Any CPU
		{2B5C5631-05AA-4ADF-9516-6CB8178F101C}.Debug|iPhone.Build.0 = Debug|Any CPU
		{2B5C5631-05AA-4ADF-9516-6CB8178F101C}.Debug|iPhoneSimulator.ActiveCfg = Debug|Any CPU
		{2B5C5631-05AA-4ADF-9516-6CB8178F101C}.Debug|iPhoneSimulator.Build.0 = Debug|Any CPU
		{2B5C5631-05AA-4ADF-9516-6CB8178F101C}.Release|Any CPU.ActiveCfg = Release|Any CPU
		{2B5C5631-05AA-4ADF-9516-6CB8178F101C}.Release|Any CPU.Build.0 = Release|Any CPU
		{2B5C5631-05AA-4ADF-9516-6CB8178F101C}.Release|iPhone.ActiveCfg = Release|Any CPU
		{2B5C5631-05AA-4ADF-9516-6CB8178F101C}.Release|iPhone.Build.0 = Release|Any CPU
		{2B5C5631-05AA-4ADF-9516-6CB8178F101C}.Release|iPhoneSimulator.ActiveCfg = Release|Any CPU
		{2B5C5631-05AA-4ADF-9516-6CB8178F101C}.Release|iPhoneSimulator.Build.0 = Release|Any CPU
		{4BE08599-0A9F-42E5-BC4C-B2228C711001}.Ad-Hoc|Any CPU.ActiveCfg = Ad-Hoc|iPhone
		{4BE08599-0A9F-42E5-BC4C-B2228C711001}.Ad-Hoc|iPhone.ActiveCfg = Ad-Hoc|iPhone
		{4BE08599-0A9F-42E5-BC4C-B2228C711001}.Ad-Hoc|iPhone.Build.0 = Ad-Hoc|iPhone
		{4BE08599-0A9F-42E5-BC4C-B2228C711001}.Ad-Hoc|iPhoneSimulator.ActiveCfg = Ad-Hoc|iPhoneSimulator
		{4BE08599-0A9F-42E5-BC4C-B2228C711001}.Ad-Hoc|iPhoneSimulator.Build.0 = Ad-Hoc|iPhoneSimulator
		{4BE08599-0A9F-42E5-BC4C-B2228C711001}.AppStore|Any CPU.ActiveCfg = AppStore|iPhone
		{4BE08599-0A9F-42E5-BC4C-B2228C711001}.AppStore|iPhone.ActiveCfg = AppStore|iPhone
		{4BE08599-0A9F-42E5-BC4C-B2228C711001}.AppStore|iPhone.Build.0 = AppStore|iPhone
		{4BE08599-0A9F-42E5-BC4C-B2228C711001}.AppStore|iPhoneSimulator.ActiveCfg = AppStore|iPhoneSimulator
		{4BE08599-0A9F-42E5-BC4C-B2228C711001}.AppStore|iPhoneSimulator.Build.0 = AppStore|iPhoneSimulator
		{4BE08599-0A9F-42E5-BC4C-B2228C711001}.Debug|Any CPU.ActiveCfg = Debug|iPhone
		{4BE08599-0A9F-42E5-BC4C-B2228C711001}.Debug|iPhone.ActiveCfg = Debug|iPhone
		{4BE08599-0A9F-42E5-BC4C-B2228C711001}.Debug|iPhone.Build.0 = Debug|iPhone
		{4BE08599-0A9F-42E5-BC4C-B2228C711001}.Debug|iPhoneSimulator.ActiveCfg = Debug|iPhoneSimulator
		{4BE08599-0A9F-42E5-BC4C-B2228C711001}.Debug|iPhoneSimulator.Build.0 = Debug|iPhoneSimulator
		{4BE08599-0A9F-42E5-BC4C-B2228C711001}.Release|Any CPU.ActiveCfg = Release|iPhone
		{4BE08599-0A9F-42E5-BC4C-B2228C711001}.Release|iPhone.ActiveCfg = Release|iPhone
		{4BE08599-0A9F-42E5-BC4C-B2228C711001}.Release|iPhone.Build.0 = Release|iPhone
		{4BE08599-0A9F-42E5-BC4C-B2228C711001}.Release|iPhoneSimulator.ActiveCfg = Release|iPhoneSimulator
		{4BE08599-0A9F-42E5-BC4C-B2228C711001}.Release|iPhoneSimulator.Build.0 = Release|iPhoneSimulator
		{E8F1EC1C-63F0-4EA6-BCC3-21385350DF4F}.Ad-Hoc|Any CPU.ActiveCfg = Release|Any CPU
		{E8F1EC1C-63F0-4EA6-BCC3-21385350DF4F}.Ad-Hoc|Any CPU.Build.0 = Release|Any CPU
		{E8F1EC1C-63F0-4EA6-BCC3-21385350DF4F}.Ad-Hoc|iPhone.ActiveCfg = Release|Any CPU
		{E8F1EC1C-63F0-4EA6-BCC3-21385350DF4F}.Ad-Hoc|iPhone.Build.0 = Release|Any CPU
		{E8F1EC1C-63F0-4EA6-BCC3-21385350DF4F}.Ad-Hoc|iPhoneSimulator.ActiveCfg = Release|Any CPU
		{E8F1EC1C-63F0-4EA6-BCC3-21385350DF4F}.Ad-Hoc|iPhoneSimulator.Build.0 = Release|Any CPU
		{E8F1EC1C-63F0-4EA6-BCC3-21385350DF4F}.AppStore|Any CPU.ActiveCfg = Release|Any CPU
		{E8F1EC1C-63F0-4EA6-BCC3-21385350DF4F}.AppStore|Any CPU.Build.0 = Release|Any CPU
		{E8F1EC1C-63F0-4EA6-BCC3-21385350DF4F}.AppStore|iPhone.ActiveCfg = Release|Any CPU
		{E8F1EC1C-63F0-4EA6-BCC3-21385350DF4F}.AppStore|iPhone.Build.0 = Release|Any CPU
		{E8F1EC1C-63F0-4EA6-BCC3-21385350DF4F}.AppStore|iPhoneSimulator.ActiveCfg = Release|Any CPU
		{E8F1EC1C-63F0-4EA6-BCC3-21385350DF4F}.AppStore|iPhoneSimulator.Build.0 = Release|Any CPU
		{E8F1EC1C-63F0-4EA6-BCC3-21385350DF4F}.Debug|Any CPU.ActiveCfg = Debug|Any CPU
		{E8F1EC1C-63F0-4EA6-BCC3-21385350DF4F}.Debug|Any CPU.Build.0 = Debug|Any CPU
		{E8F1EC1C-63F0-4EA6-BCC3-21385350DF4F}.Debug|iPhone.ActiveCfg = Debug|Any CPU
		{E8F1EC1C-63F0-4EA6-BCC3-21385350DF4F}.Debug|iPhone.Build.0 = Debug|Any CPU
		{E8F1EC1C-63F0-4EA6-BCC3-21385350DF4F}.Debug|iPhoneSimulator.ActiveCfg = Debug|Any CPU
		{E8F1EC1C-63F0-4EA6-BCC3-21385350DF4F}.Debug|iPhoneSimulator.Build.0 = Debug|Any CPU
		{E8F1EC1C-63F0-4EA6-BCC3-21385350DF4F}.Release|Any CPU.ActiveCfg = Release|Any CPU
		{E8F1EC1C-63F0-4EA6-BCC3-21385350DF4F}.Release|Any CPU.Build.0 = Release|Any CPU
		{E8F1EC1C-63F0-4EA6-BCC3-21385350DF4F}.Release|iPhone.ActiveCfg = Release|Any CPU
		{E8F1EC1C-63F0-4EA6-BCC3-21385350DF4F}.Release|iPhone.Build.0 = Release|Any CPU
		{E8F1EC1C-63F0-4EA6-BCC3-21385350DF4F}.Release|iPhoneSimulator.ActiveCfg = Release|Any CPU
		{E8F1EC1C-63F0-4EA6-BCC3-21385350DF4F}.Release|iPhoneSimulator.Build.0 = Release|Any CPU
	EndGlobalSection
	GlobalSection(SolutionProperties) = preSolution
		HideSolutionNode = FALSE
	EndGlobalSection
EndGlobal
